
Microsoft Visual Studio Solution File, Format Version 12.00
# Visual Studio Version 17
VisualStudioVersion = 17.8.34330.188
MinimumVisualStudioVersion = 10.0.40219.1
Project("{9A19103F-16F7-4668-BE54-9A1E7A4F7556}") = "BlobStorageDemo", "BlobStorageDemo\BlobStorageDemo.csproj", "{0BEF7DF5-C65B-44E7-9812-0763E5411A09}"
EndProject
Project("{FAE04EC0-301F-11D3-BF4B-00C04F79EFBC}") = "BlobStorageDemo.Consumer", "BlobStorageDemo.Consumer\BlobStorageDemo.Consumer.csproj", "{7857F7AB-FC12-436A-9F0C-7DE1EDF5D355}"
EndProject
Global
	GlobalSection(SolutionConfigurationPlatforms) = preSolution
		Debug|Any CPU = Debug|Any CPU
		Release|Any CPU = Release|Any CPU
	EndGlobalSection
	GlobalSection(ProjectConfigurationPlatforms) = postSolution
		{0BEF7DF5-C65B-44E7-9812-0763E5411A09}.Debug|Any CPU.ActiveCfg = Debug|Any CPU
		{0BEF7DF5-C65B-44E7-9812-0763E5411A09}.Debug|Any CPU.Build.0 = Debug|Any CPU
		{0BEF7DF5-C65B-44E7-9812-0763E5411A09}.Release|Any CPU.ActiveCfg = Release|Any CPU
		{0BEF7DF5-C65B-44E7-9812-0763E5411A09}.Release|Any CPU.Build.0 = Release|Any CPU
		{7857F7AB-FC12-436A-9F0C-7DE1EDF5D355}.Debug|Any CPU.ActiveCfg = Debug|Any CPU
		{7857F7AB-FC12-436A-9F0C-7DE1EDF5D355}.Debug|Any CPU.Build.0 = Debug|Any CPU
		{7857F7AB-FC12-436A-9F0C-7DE1EDF5D355}.Release|Any CPU.ActiveCfg = Release|Any CPU
		{7857F7AB-FC12-436A-9F0C-7DE1EDF5D355}.Release|Any CPU.Build.0 = Release|Any CPU
	EndGlobalSection
	GlobalSection(SolutionProperties) = preSolution
		HideSolutionNode = FALSE
	EndGlobalSection
	GlobalSection(ExtensibilityGlobals) = postSolution
		SolutionGuid = {CD84C11E-FC12-4A49-BCD3-D628248FCA43}
	EndGlobalSection
EndGlobal
